// !$*UTF8*$!
{
	archiveVersion = 1;
	classes = {
	};
	objectVersion = 46;
	objects = {

/* Begin PBXBuildFile section */
		5D9B23DF1FF99F0300D854B2 /* ExampleRightViewController.swift in Sources */ = {isa = PBXBuildFile; fileRef = 5D9B23DB1FF99F0200D854B2 /* ExampleRightViewController.swift */; };
		5D9B23E01FF99F0300D854B2 /* ExampleCenterViewController.swift in Sources */ = {isa = PBXBuildFile; fileRef = 5D9B23DC1FF99F0200D854B2 /* ExampleCenterViewController.swift */; };
		5D9B23E11FF99F0300D854B2 /* ExampleLeftViewController.swift in Sources */ = {isa = PBXBuildFile; fileRef = 5D9B23DD1FF99F0200D854B2 /* ExampleLeftViewController.swift */; };
		5D9B23E21FF99F0300D854B2 /* ExampleAdditionalViewController.swift in Sources */ = {isa = PBXBuildFile; fileRef = 5D9B23DE1FF99F0200D854B2 /* ExampleAdditionalViewController.swift */; };
		5DF598A92013D76700C89634 /* SFStaticNavigationBarControllerTests.swift in Sources */ = {isa = PBXBuildFile; fileRef = 5DF598A82013D76700C89634 /* SFStaticNavigationBarControllerTests.swift */; };
		5DF598B02013D78F00C89634 /* SFStaticNavigationBarControllerUITests.swift in Sources */ = {isa = PBXBuildFile; fileRef = 5D2154432013C9BB007492C9 /* SFStaticNavigationBarControllerUITests.swift */; };
		607FACD61AFB9204008FA782 /* AppDelegate.swift in Sources */ = {isa = PBXBuildFile; fileRef = 607FACD51AFB9204008FA782 /* AppDelegate.swift */; };
		607FACDD1AFB9204008FA782 /* Images.xcassets in Resources */ = {isa = PBXBuildFile; fileRef = 607FACDC1AFB9204008FA782 /* Images.xcassets */; };
		607FACE01AFB9204008FA782 /* LaunchScreen.xib in Resources */ = {isa = PBXBuildFile; fileRef = 607FACDE1AFB9204008FA782 /* LaunchScreen.xib */; };
		6831483473D2A1EB991BC0BE /* Pods_SFStaticNavigationBarController_Example.framework in Frameworks */ = {isa = PBXBuildFile; fileRef = DF9245EA523FEDDD86AD2DE1 /* Pods_SFStaticNavigationBarController_Example.framework */; };
/* End PBXBuildFile section */

/* Begin PBXContainerItemProxy section */
		5DF598AB2013D76700C89634 /* PBXContainerItemProxy */ = {
			isa = PBXContainerItemProxy;
			containerPortal = 607FACC81AFB9204008FA782 /* Project object */;
			proxyType = 1;
			remoteGlobalIDString = 607FACCF1AFB9204008FA782;
			remoteInfo = SFStaticNavigationBarController_Example;
		};
/* End PBXContainerItemProxy section */

/* Begin PBXFileReference section */
		15BE442D4FEEA77FDBE4EC89 /* Pods_SFStaticNavigationBarController_Tests.framework */ = {isa = PBXFileReference; explicitFileType = wrapper.framework; includeInIndex = 0; path = Pods_SFStaticNavigationBarController_Tests.framework; sourceTree = BUILT_PRODUCTS_DIR; };
		1BC7F4973E0DCAB9BF7E5262 /* README.md */ = {isa = PBXFileReference; includeInIndex = 1; lastKnownFileType = net.daringfireball.markdown; name = README.md; path = ../README.md; sourceTree = "<group>"; };
		3DA21B744AAC2F42217915CC /* Pods-SFStaticNavigationBarController_Example.release.xcconfig */ = {isa = PBXFileReference; includeInIndex = 1; lastKnownFileType = text.xcconfig; name = "Pods-SFStaticNavigationBarController_Example.release.xcconfig"; path = "Pods/Target Support Files/Pods-SFStaticNavigationBarController_Example/Pods-SFStaticNavigationBarController_Example.release.xcconfig"; sourceTree = "<group>"; };
		5D2154432013C9BB007492C9 /* SFStaticNavigationBarControllerUITests.swift */ = {isa = PBXFileReference; lastKnownFileType = sourcecode.swift; path = SFStaticNavigationBarControllerUITests.swift; sourceTree = "<group>"; };
		5D9B23DB1FF99F0200D854B2 /* ExampleRightViewController.swift */ = {isa = PBXFileReference; fileEncoding = 4; lastKnownFileType = sourcecode.swift; path = ExampleRightViewController.swift; sourceTree = "<group>"; };
		5D9B23DC1FF99F0200D854B2 /* ExampleCenterViewController.swift */ = {isa = PBXFileReference; fileEncoding = 4; lastKnownFileType = sourcecode.swift; path = ExampleCenterViewController.swift; sourceTree = "<group>"; };
		5D9B23DD1FF99F0200D854B2 /* ExampleLeftViewController.swift */ = {isa = PBXFileReference; fileEncoding = 4; lastKnownFileType = sourcecode.swift; path = ExampleLeftViewController.swift; sourceTree = "<group>"; };
		5D9B23DE1FF99F0200D854B2 /* ExampleAdditionalViewController.swift */ = {isa = PBXFileReference; fileEncoding = 4; lastKnownFileType = sourcecode.swift; path = ExampleAdditionalViewController.swift; sourceTree = "<group>"; };
		5DF598A62013D76700C89634 /* SFStaticNavigationBarControllerTests.xctest */ = {isa = PBXFileReference; explicitFileType = wrapper.cfbundle; includeInIndex = 0; path = SFStaticNavigationBarControllerTests.xctest; sourceTree = BUILT_PRODUCTS_DIR; };
		5DF598A82013D76700C89634 /* SFStaticNavigationBarControllerTests.swift */ = {isa = PBXFileReference; lastKnownFileType = sourcecode.swift; path = SFStaticNavigationBarControllerTests.swift; sourceTree = "<group>"; };
		5DF598AA2013D76700C89634 /* Info.plist */ = {isa = PBXFileReference; lastKnownFileType = text.plist.xml; path = Info.plist; sourceTree = "<group>"; };
		607FACD01AFB9204008FA782 /* SFStaticNavigationBarController_Example.app */ = {isa = PBXFileReference; explicitFileType = wrapper.application; includeInIndex = 0; path = SFStaticNavigationBarController_Example.app; sourceTree = BUILT_PRODUCTS_DIR; };
		607FACD41AFB9204008FA782 /* Info.plist */ = {isa = PBXFileReference; lastKnownFileType = text.plist.xml; path = Info.plist; sourceTree = "<group>"; };
		607FACD51AFB9204008FA782 /* AppDelegate.swift */ = {isa = PBXFileReference; lastKnownFileType = sourcecode.swift; path = AppDelegate.swift; sourceTree = "<group>"; };
		607FACDC1AFB9204008FA782 /* Images.xcassets */ = {isa = PBXFileReference; lastKnownFileType = folder.assetcatalog; path = Images.xcassets; sourceTree = "<group>"; };
		607FACDF1AFB9204008FA782 /* Base */ = {isa = PBXFileReference; lastKnownFileType = file.xib; name = Base; path = Base.lproj/LaunchScreen.xib; sourceTree = "<group>"; };
		607FACEA1AFB9204008FA782 /* Info.plist */ = {isa = PBXFileReference; lastKnownFileType = text.plist.xml; path = Info.plist; sourceTree = "<group>"; };
		81BCC653D7B27B65E9EF1EE3 /* Pods-SFStaticNavigationBarController_Tests.release.xcconfig */ = {isa = PBXFileReference; includeInIndex = 1; lastKnownFileType = text.xcconfig; name = "Pods-SFStaticNavigationBarController_Tests.release.xcconfig"; path = "Pods/Target Support Files/Pods-SFStaticNavigationBarController_Tests/Pods-SFStaticNavigationBarController_Tests.release.xcconfig"; sourceTree = "<group>"; };
		9490E78E68E96C0AC28C3638 /* LICENSE */ = {isa = PBXFileReference; includeInIndex = 1; lastKnownFileType = text; name = LICENSE; path = ../LICENSE; sourceTree = "<group>"; };
		BE1D5241E156B5031726F23F /* SFStaticNavigationBarController.podspec */ = {isa = PBXFileReference; includeInIndex = 1; lastKnownFileType = text; name = SFStaticNavigationBarController.podspec; path = ../SFStaticNavigationBarController.podspec; sourceTree = "<group>"; };
		D4AFCD146421DEB3EB6F2DB6 /* Pods-SFStaticNavigationBarController_Tests.debug.xcconfig */ = {isa = PBXFileReference; includeInIndex = 1; lastKnownFileType = text.xcconfig; name = "Pods-SFStaticNavigationBarController_Tests.debug.xcconfig"; path = "Pods/Target Support Files/Pods-SFStaticNavigationBarController_Tests/Pods-SFStaticNavigationBarController_Tests.debug.xcconfig"; sourceTree = "<group>"; };
		D5563D0E4C7A69F54E36047B /* Pods-SFStaticNavigationBarController_Example.debug.xcconfig */ = {isa = PBXFileReference; includeInIndex = 1; lastKnownFileType = text.xcconfig; name = "Pods-SFStaticNavigationBarController_Example.debug.xcconfig"; path = "Pods/Target Support Files/Pods-SFStaticNavigationBarController_Example/Pods-SFStaticNavigationBarController_Example.debug.xcconfig"; sourceTree = "<group>"; };
		DF9245EA523FEDDD86AD2DE1 /* Pods_SFStaticNavigationBarController_Example.framework */ = {isa = PBXFileReference; explicitFileType = wrapper.framework; includeInIndex = 0; path = Pods_SFStaticNavigationBarController_Example.framework; sourceTree = BUILT_PRODUCTS_DIR; };
/* End PBXFileReference section */

/* Begin PBXFrameworksBuildPhase section */
		5DF598A32013D76700C89634 /* Frameworks */ = {
			isa = PBXFrameworksBuildPhase;
			buildActionMask = 2147483647;
			files = (
			);
			runOnlyForDeploymentPostprocessing = 0;
		};
		607FACCD1AFB9204008FA782 /* Frameworks */ = {
			isa = PBXFrameworksBuildPhase;
			buildActionMask = 2147483647;
			files = (
				6831483473D2A1EB991BC0BE /* Pods_SFStaticNavigationBarController_Example.framework in Frameworks */,
			);
			runOnlyForDeploymentPostprocessing = 0;
		};
/* End PBXFrameworksBuildPhase section */

/* Begin PBXGroup section */
		5DF598A72013D76700C89634 /* SFStaticNavigationBarControllerTests */ = {
			isa = PBXGroup;
			children = (
				5DF598A82013D76700C89634 /* SFStaticNavigationBarControllerTests.swift */,
				5DF598AA2013D76700C89634 /* Info.plist */,
			);
			path = SFStaticNavigationBarControllerTests;
			sourceTree = "<group>";
		};
		607FACC71AFB9204008FA782 = {
			isa = PBXGroup;
			children = (
				607FACF51AFB993E008FA782 /* Podspec Metadata */,
				607FACD21AFB9204008FA782 /* Example for SFStaticNavigationBarController */,
				607FACE81AFB9204008FA782 /* Tests */,
				5DF598A72013D76700C89634 /* SFStaticNavigationBarControllerTests */,
				607FACD11AFB9204008FA782 /* Products */,
				DF7284D76241817D665F2829 /* Pods */,
				F4F63C4BDB9D46E671C6394C /* Frameworks */,
			);
			sourceTree = "<group>";
		};
		607FACD11AFB9204008FA782 /* Products */ = {
			isa = PBXGroup;
			children = (
				607FACD01AFB9204008FA782 /* SFStaticNavigationBarController_Example.app */,
				5DF598A62013D76700C89634 /* SFStaticNavigationBarControllerTests.xctest */,
			);
			name = Products;
			sourceTree = "<group>";
		};
		607FACD21AFB9204008FA782 /* Example for SFStaticNavigationBarController */ = {
			isa = PBXGroup;
			children = (
				5D9B23DE1FF99F0200D854B2 /* ExampleAdditionalViewController.swift */,
				5D9B23DC1FF99F0200D854B2 /* ExampleCenterViewController.swift */,
				5D9B23DD1FF99F0200D854B2 /* ExampleLeftViewController.swift */,
				5D9B23DB1FF99F0200D854B2 /* ExampleRightViewController.swift */,
				607FACD51AFB9204008FA782 /* AppDelegate.swift */,
				607FACDC1AFB9204008FA782 /* Images.xcassets */,
				607FACDE1AFB9204008FA782 /* LaunchScreen.xib */,
				607FACD31AFB9204008FA782 /* Supporting Files */,
			);
			name = "Example for SFStaticNavigationBarController";
			path = SFStaticNavigationBarController;
			sourceTree = "<group>";
		};
		607FACD31AFB9204008FA782 /* Supporting Files */ = {
			isa = PBXGroup;
			children = (
				607FACD41AFB9204008FA782 /* Info.plist */,
			);
			name = "Supporting Files";
			sourceTree = "<group>";
		};
		607FACE81AFB9204008FA782 /* Tests */ = {
			isa = PBXGroup;
			children = (
				607FACE91AFB9204008FA782 /* Supporting Files */,
				5D2154432013C9BB007492C9 /* SFStaticNavigationBarControllerUITests.swift */,
			);
			path = Tests;
			sourceTree = "<group>";
		};
		607FACE91AFB9204008FA782 /* Supporting Files */ = {
			isa = PBXGroup;
			children = (
				607FACEA1AFB9204008FA782 /* Info.plist */,
			);
			name = "Supporting Files";
			sourceTree = "<group>";
		};
		607FACF51AFB993E008FA782 /* Podspec Metadata */ = {
			isa = PBXGroup;
			children = (
				BE1D5241E156B5031726F23F /* SFStaticNavigationBarController.podspec */,
				1BC7F4973E0DCAB9BF7E5262 /* README.md */,
				9490E78E68E96C0AC28C3638 /* LICENSE */,
			);
			name = "Podspec Metadata";
			sourceTree = "<group>";
		};
		DF7284D76241817D665F2829 /* Pods */ = {
			isa = PBXGroup;
			children = (
				D5563D0E4C7A69F54E36047B /* Pods-SFStaticNavigationBarController_Example.debug.xcconfig */,
				3DA21B744AAC2F42217915CC /* Pods-SFStaticNavigationBarController_Example.release.xcconfig */,
				D4AFCD146421DEB3EB6F2DB6 /* Pods-SFStaticNavigationBarController_Tests.debug.xcconfig */,
				81BCC653D7B27B65E9EF1EE3 /* Pods-SFStaticNavigationBarController_Tests.release.xcconfig */,
			);
			name = Pods;
			sourceTree = "<group>";
		};
		F4F63C4BDB9D46E671C6394C /* Frameworks */ = {
			isa = PBXGroup;
			children = (
				DF9245EA523FEDDD86AD2DE1 /* Pods_SFStaticNavigationBarController_Example.framework */,
				15BE442D4FEEA77FDBE4EC89 /* Pods_SFStaticNavigationBarController_Tests.framework */,
			);
			name = Frameworks;
			sourceTree = "<group>";
		};
/* End PBXGroup section */

/* Begin PBXNativeTarget section */
		5DF598A52013D76700C89634 /* SFStaticNavigationBarControllerTests */ = {
			isa = PBXNativeTarget;
			buildConfigurationList = 5DF598AD2013D76700C89634 /* Build configuration list for PBXNativeTarget "SFStaticNavigationBarControllerTests" */;
			buildPhases = (
				5DF598A22013D76700C89634 /* Sources */,
				5DF598A32013D76700C89634 /* Frameworks */,
				5DF598A42013D76700C89634 /* Resources */,
			);
			buildRules = (
			);
			dependencies = (
				5DF598AC2013D76700C89634 /* PBXTargetDependency */,
			);
			name = SFStaticNavigationBarControllerTests;
			productName = SFStaticNavigationBarControllerTests;
			productReference = 5DF598A62013D76700C89634 /* SFStaticNavigationBarControllerTests.xctest */;
			productType = "com.apple.product-type.bundle.ui-testing";
		};
		607FACCF1AFB9204008FA782 /* SFStaticNavigationBarController_Example */ = {
			isa = PBXNativeTarget;
			buildConfigurationList = 607FACEF1AFB9204008FA782 /* Build configuration list for PBXNativeTarget "SFStaticNavigationBarController_Example" */;
			buildPhases = (
				CE2B483194BE6258D70E457D /* [CP] Check Pods Manifest.lock */,
				607FACCC1AFB9204008FA782 /* Sources */,
				607FACCD1AFB9204008FA782 /* Frameworks */,
				607FACCE1AFB9204008FA782 /* Resources */,
				15C617DED9B1E819950CC98D /* [CP] Embed Pods Frameworks */,
				0630DBDAC86F6BD750027777 /* [CP] Copy Pods Resources */,
			);
			buildRules = (
			);
			dependencies = (
			);
			name = SFStaticNavigationBarController_Example;
			productName = SFStaticNavigationBarController;
			productReference = 607FACD01AFB9204008FA782 /* SFStaticNavigationBarController_Example.app */;
			productType = "com.apple.product-type.application";
		};
/* End PBXNativeTarget section */

/* Begin PBXProject section */
		607FACC81AFB9204008FA782 /* Project object */ = {
			isa = PBXProject;
			attributes = {
				LastSwiftUpdateCheck = 0920;
				LastUpgradeCheck = 0830;
				ORGANIZATIONNAME = CocoaPods;
				TargetAttributes = {
					5DF598A52013D76700C89634 = {
						CreatedOnToolsVersion = 9.2;
						DevelopmentTeam = 42Z8BNDCEF;
						ProvisioningStyle = Automatic;
						TestTargetID = 607FACCF1AFB9204008FA782;
					};
					607FACCF1AFB9204008FA782 = {
						CreatedOnToolsVersion = 6.3.1;
						DevelopmentTeam = 42Z8BNDCEF;
						LastSwiftMigration = 0900;
					};
				};
			};
			buildConfigurationList = 607FACCB1AFB9204008FA782 /* Build configuration list for PBXProject "SFStaticNavigationBarController" */;
			compatibilityVersion = "Xcode 3.2";
			developmentRegion = English;
			hasScannedForEncodings = 0;
			knownRegions = (
				en,
				Base,
			);
			mainGroup = 607FACC71AFB9204008FA782;
			productRefGroup = 607FACD11AFB9204008FA782 /* Products */;
			projectDirPath = "";
			projectRoot = "";
			targets = (
				607FACCF1AFB9204008FA782 /* SFStaticNavigationBarController_Example */,
				5DF598A52013D76700C89634 /* SFStaticNavigationBarControllerTests */,
			);
		};
/* End PBXProject section */

/* Begin PBXResourcesBuildPhase section */
		5DF598A42013D76700C89634 /* Resources */ = {
			isa = PBXResourcesBuildPhase;
			buildActionMask = 2147483647;
			files = (
			);
			runOnlyForDeploymentPostprocessing = 0;
		};
		607FACCE1AFB9204008FA782 /* Resources */ = {
			isa = PBXResourcesBuildPhase;
			buildActionMask = 2147483647;
			files = (
				607FACE01AFB9204008FA782 /* LaunchScreen.xib in Resources */,
				607FACDD1AFB9204008FA782 /* Images.xcassets in Resources */,
			);
			runOnlyForDeploymentPostprocessing = 0;
		};
/* End PBXResourcesBuildPhase section */

/* Begin PBXShellScriptBuildPhase section */
		0630DBDAC86F6BD750027777 /* [CP] Copy Pods Resources */ = {
			isa = PBXShellScriptBuildPhase;
			buildActionMask = 2147483647;
			files = (
			);
			inputPaths = (
			);
			name = "[CP] Copy Pods Resources";
			outputPaths = (
			);
			runOnlyForDeploymentPostprocessing = 0;
			shellPath = /bin/sh;
			shellScript = "\"${SRCROOT}/Pods/Target Support Files/Pods-SFStaticNavigationBarController_Example/Pods-SFStaticNavigationBarController_Example-resources.sh\"\n";
			showEnvVarsInLog = 0;
		};
		15C617DED9B1E819950CC98D /* [CP] Embed Pods Frameworks */ = {
			isa = PBXShellScriptBuildPhase;
			buildActionMask = 2147483647;
			files = (
			);
			inputPaths = (
				"${SRCROOT}/Pods/Target Support Files/Pods-SFStaticNavigationBarController_Example/Pods-SFStaticNavigationBarController_Example-frameworks.sh",
				"${BUILT_PRODUCTS_DIR}/Cartography/Cartography.framework",
				"${BUILT_PRODUCTS_DIR}/ChameleonFramework/ChameleonFramework.framework",
				"${BUILT_PRODUCTS_DIR}/SFStaticNavigationBarController/SFStaticNavigationBarController.framework",
			);
			name = "[CP] Embed Pods Frameworks";
			outputPaths = (
				"${TARGET_BUILD_DIR}/${FRAMEWORKS_FOLDER_PATH}/Cartography.framework",
				"${TARGET_BUILD_DIR}/${FRAMEWORKS_FOLDER_PATH}/ChameleonFramework.framework",
				"${TARGET_BUILD_DIR}/${FRAMEWORKS_FOLDER_PATH}/SFStaticNavigationBarController.framework",
			);
			runOnlyForDeploymentPostprocessing = 0;
			shellPath = /bin/sh;
			shellScript = "\"${SRCROOT}/Pods/Target Support Files/Pods-SFStaticNavigationBarController_Example/Pods-SFStaticNavigationBarController_Example-frameworks.sh\"\n";
			showEnvVarsInLog = 0;
		};
		CE2B483194BE6258D70E457D /* [CP] Check Pods Manifest.lock */ = {
			isa = PBXShellScriptBuildPhase;
			buildActionMask = 2147483647;
			files = (
			);
			inputPaths = (
				"${PODS_PODFILE_DIR_PATH}/Podfile.lock",
				"${PODS_ROOT}/Manifest.lock",
			);
			name = "[CP] Check Pods Manifest.lock";
			outputPaths = (
				"$(DERIVED_FILE_DIR)/Pods-SFStaticNavigationBarController_Example-checkManifestLockResult.txt",
			);
			runOnlyForDeploymentPostprocessing = 0;
			shellPath = /bin/sh;
			shellScript = "diff \"${PODS_PODFILE_DIR_PATH}/Podfile.lock\" \"${PODS_ROOT}/Manifest.lock\" > /dev/null\nif [ $? != 0 ] ; then\n    # print error to STDERR\n    echo \"error: The sandbox is not in sync with the Podfile.lock. Run 'pod install' or update your CocoaPods installation.\" >&2\n    exit 1\nfi\n# This output is used by Xcode 'outputs' to avoid re-running this script phase.\necho \"SUCCESS\" > \"${SCRIPT_OUTPUT_FILE_0}\"\n";
			showEnvVarsInLog = 0;
		};
/* End PBXShellScriptBuildPhase section */

/* Begin PBXSourcesBuildPhase section */
		5DF598A22013D76700C89634 /* Sources */ = {
			isa = PBXSourcesBuildPhase;
			buildActionMask = 2147483647;
			files = (
				5DF598B02013D78F00C89634 /* SFStaticNavigationBarControllerUITests.swift in Sources */,
				5DF598A92013D76700C89634 /* SFStaticNavigationBarControllerTests.swift in Sources */,
			);
			runOnlyForDeploymentPostprocessing = 0;
		};
		607FACCC1AFB9204008FA782 /* Sources */ = {
			isa = PBXSourcesBuildPhase;
			buildActionMask = 2147483647;
			files = (
				5D9B23E11FF99F0300D854B2 /* ExampleLeftViewController.swift in Sources */,
				5D9B23E01FF99F0300D854B2 /* ExampleCenterViewController.swift in Sources */,
				5D9B23DF1FF99F0300D854B2 /* ExampleRightViewController.swift in Sources */,
				5D9B23E21FF99F0300D854B2 /* ExampleAdditionalViewController.swift in Sources */,
				607FACD61AFB9204008FA782 /* AppDelegate.swift in Sources */,
			);
			runOnlyForDeploymentPostprocessing = 0;
		};
/* End PBXSourcesBuildPhase section */

/* Begin PBXTargetDependency section */
		5DF598AC2013D76700C89634 /* PBXTargetDependency */ = {
			isa = PBXTargetDependency;
			target = 607FACCF1AFB9204008FA782 /* SFStaticNavigationBarController_Example */;
			targetProxy = 5DF598AB2013D76700C89634 /* PBXContainerItemProxy */;
		};
/* End PBXTargetDependency section */

/* Begin PBXVariantGroup section */
		607FACDE1AFB9204008FA782 /* LaunchScreen.xib */ = {
			isa = PBXVariantGroup;
			children = (
				607FACDF1AFB9204008FA782 /* Base */,
			);
			name = LaunchScreen.xib;
			sourceTree = "<group>";
		};
/* End PBXVariantGroup section */

/* Begin XCBuildConfiguration section */
		5DF598AE2013D76700C89634 /* Debug */ = {
			isa = XCBuildConfiguration;
			buildSettings = {
				CLANG_ANALYZER_NONNULL = YES;
				CLANG_ANALYZER_NUMBER_OBJECT_CONVERSION = YES_AGGRESSIVE;
				CLANG_CXX_LANGUAGE_STANDARD = "gnu++14";
				CLANG_WARN_DOCUMENTATION_COMMENTS = YES;
				CLANG_WARN_UNGUARDED_AVAILABILITY = YES_AGGRESSIVE;
				CODE_SIGN_IDENTITY = "iPhone Developer";
				CODE_SIGN_STYLE = Automatic;
				DEBUG_INFORMATION_FORMAT = dwarf;
				DEVELOPMENT_TEAM = 42Z8BNDCEF;
				GCC_C_LANGUAGE_STANDARD = gnu11;
				INFOPLIST_FILE = SFStaticNavigationBarControllerTests/Info.plist;
				IPHONEOS_DEPLOYMENT_TARGET = 11.2;
				LD_RUNPATH_SEARCH_PATHS = "$(inherited) @executable_path/Frameworks @loader_path/Frameworks";
				PRODUCT_BUNDLE_IDENTIFIER = com.crystalS3th.SFStaticNavigationBarControllerTests;
				PRODUCT_NAME = "$(TARGET_NAME)";
				SWIFT_ACTIVE_COMPILATION_CONDITIONS = DEBUG;
				SWIFT_VERSION = 4.0;
				TARGETED_DEVICE_FAMILY = "1,2";
				TEST_TARGET_NAME = SFStaticNavigationBarController_Example;
			};
			name = Debug;
		};
		5DF598AF2013D76700C89634 /* Release */ = {
			isa = XCBuildConfiguration;
			buildSettings = {
				CLANG_ANALYZER_NONNULL = YES;
				CLANG_ANALYZER_NUMBER_OBJECT_CONVERSION = YES_AGGRESSIVE;
				CLANG_CXX_LANGUAGE_STANDARD = "gnu++14";
				CLANG_WARN_DOCUMENTATION_COMMENTS = YES;
				CLANG_WARN_UNGUARDED_AVAILABILITY = YES_AGGRESSIVE;
				CODE_SIGN_IDENTITY = "iPhone Developer";
				CODE_SIGN_STYLE = Automatic;
				DEVELOPMENT_TEAM = 42Z8BNDCEF;
				GCC_C_LANGUAGE_STANDARD = gnu11;
				INFOPLIST_FILE = SFStaticNavigationBarControllerTests/Info.plist;
				IPHONEOS_DEPLOYMENT_TARGET = 11.2;
				LD_RUNPATH_SEARCH_PATHS = "$(inherited) @executable_path/Frameworks @loader_path/Frameworks";
				PRODUCT_BUNDLE_IDENTIFIER = com.crystalS3th.SFStaticNavigationBarControllerTests;
				PRODUCT_NAME = "$(TARGET_NAME)";
				SWIFT_VERSION = 4.0;
				TARGETED_DEVICE_FAMILY = "1,2";
				TEST_TARGET_NAME = SFStaticNavigationBarController_Example;
			};
			name = Release;
		};
		607FACED1AFB9204008FA782 /* Debug */ = {
			isa = XCBuildConfiguration;
			buildSettings = {
				ALWAYS_SEARCH_USER_PATHS = NO;
				CLANG_CXX_LANGUAGE_STANDARD = "gnu++0x";
				CLANG_CXX_LIBRARY = "libc++";
				CLANG_ENABLE_MODULES = YES;
				CLANG_ENABLE_OBJC_ARC = YES;
				CLANG_WARN_BLOCK_CAPTURE_AUTORELEASING = YES;
				CLANG_WARN_BOOL_CONVERSION = YES;
				CLANG_WARN_COMMA = YES;
				CLANG_WARN_CONSTANT_CONVERSION = YES;
				CLANG_WARN_DIRECT_OBJC_ISA_USAGE = YES_ERROR;
				CLANG_WARN_EMPTY_BODY = YES;
				CLANG_WARN_ENUM_CONVERSION = YES;
				CLANG_WARN_INFINITE_RECURSION = YES;
				CLANG_WARN_INT_CONVERSION = YES;
				CLANG_WARN_NON_LITERAL_NULL_CONVERSION = YES;
				CLANG_WARN_OBJC_LITERAL_CONVERSION = YES;
				CLANG_WARN_OBJC_ROOT_CLASS = YES_ERROR;
				CLANG_WARN_RANGE_LOOP_ANALYSIS = YES;
				CLANG_WARN_STRICT_PROTOTYPES = YES;
				CLANG_WARN_SUSPICIOUS_MOVE = YES;
				CLANG_WARN_UNREACHABLE_CODE = YES;
				CLANG_WARN__DUPLICATE_METHOD_MATCH = YES;
				"CODE_SIGN_IDENTITY[sdk=iphoneos*]" = "iPhone Developer";
				COPY_PHASE_STRIP = NO;
				DEBUG_INFORMATION_FORMAT = "dwarf-with-dsym";
				ENABLE_STRICT_OBJC_MSGSEND = YES;
				ENABLE_TESTABILITY = YES;
				GCC_C_LANGUAGE_STANDARD = gnu99;
				GCC_DYNAMIC_NO_PIC = NO;
				GCC_NO_COMMON_BLOCKS = YES;
				GCC_OPTIMIZATION_LEVEL = 0;
				GCC_PREPROCESSOR_DEFINITIONS = (
					"DEBUG=1",
					"$(inherited)",
				);
				GCC_SYMBOLS_PRIVATE_EXTERN = NO;
				GCC_WARN_64_TO_32_BIT_CONVERSION = YES;
				GCC_WARN_ABOUT_RETURN_TYPE = YES_ERROR;
				GCC_WARN_UNDECLARED_SELECTOR = YES;
				GCC_WARN_UNINITIALIZED_AUTOS = YES_AGGRESSIVE;
				GCC_WARN_UNUSED_FUNCTION = YES;
				GCC_WARN_UNUSED_VARIABLE = YES;
				IPHONEOS_DEPLOYMENT_TARGET = 9.3;
				MTL_ENABLE_DEBUG_INFO = YES;
				ONLY_ACTIVE_ARCH = YES;
				SDKROOT = iphoneos;
				SWIFT_OPTIMIZATION_LEVEL = "-Onone";
			};
			name = Debug;
		};
		607FACEE1AFB9204008FA782 /* Release */ = {
			isa = XCBuildConfiguration;
			buildSettings = {
				ALWAYS_SEARCH_USER_PATHS = NO;
				CLANG_CXX_LANGUAGE_STANDARD = "gnu++0x";
				CLANG_CXX_LIBRARY = "libc++";
				CLANG_ENABLE_MODULES = YES;
				CLANG_ENABLE_OBJC_ARC = YES;
				CLANG_WARN_BLOCK_CAPTURE_AUTORELEASING = YES;
				CLANG_WARN_BOOL_CONVERSION = YES;
				CLANG_WARN_COMMA = YES;
				CLANG_WARN_CONSTANT_CONVERSION = YES;
				CLANG_WARN_DIRECT_OBJC_ISA_USAGE = YES_ERROR;
				CLANG_WARN_EMPTY_BODY = YES;
				CLANG_WARN_ENUM_CONVERSION = YES;
				CLANG_WARN_INFINITE_RECURSION = YES;
				CLANG_WARN_INT_CONVERSION = YES;
				CLANG_WARN_NON_LITERAL_NULL_CONVERSION = YES;
				CLANG_WARN_OBJC_LITERAL_CONVERSION = YES;
				CLANG_WARN_OBJC_ROOT_CLASS = YES_ERROR;
				CLANG_WARN_RANGE_LOOP_ANALYSIS = YES;
				CLANG_WARN_STRICT_PROTOTYPES = YES;
				CLANG_WARN_SUSPICIOUS_MOVE = YES;
				CLANG_WARN_UNREACHABLE_CODE = YES;
				CLANG_WARN__DUPLICATE_METHOD_MATCH = YES;
				"CODE_SIGN_IDENTITY[sdk=iphoneos*]" = "iPhone Developer";
				COPY_PHASE_STRIP = NO;
				DEBUG_INFORMATION_FORMAT = "dwarf-with-dsym";
				ENABLE_NS_ASSERTIONS = NO;
				ENABLE_STRICT_OBJC_MSGSEND = YES;
				GCC_C_LANGUAGE_STANDARD = gnu99;
				GCC_NO_COMMON_BLOCKS = YES;
				GCC_WARN_64_TO_32_BIT_CONVERSION = YES;
				GCC_WARN_ABOUT_RETURN_TYPE = YES_ERROR;
				GCC_WARN_UNDECLARED_SELECTOR = YES;
				GCC_WARN_UNINITIALIZED_AUTOS = YES_AGGRESSIVE;
				GCC_WARN_UNUSED_FUNCTION = YES;
				GCC_WARN_UNUSED_VARIABLE = YES;
				IPHONEOS_DEPLOYMENT_TARGET = 9.3;
				MTL_ENABLE_DEBUG_INFO = NO;
				SDKROOT = iphoneos;
				SWIFT_OPTIMIZATION_LEVEL = "-Owholemodule";
				VALIDATE_PRODUCT = YES;
			};
			name = Release;
		};
		607FACF01AFB9204008FA782 /* Debug */ = {
			isa = XCBuildConfiguration;
			baseConfigurationReference = D5563D0E4C7A69F54E36047B /* Pods-SFStaticNavigationBarController_Example.debug.xcconfig */;
			buildSettings = {
				ASSETCATALOG_COMPILER_APPICON_NAME = AppIcon;
				DEVELOPMENT_TEAM = 42Z8BNDCEF;
				INFOPLIST_FILE = SFStaticNavigationBarController/Info.plist;
				IPHONEOS_DEPLOYMENT_TARGET = 9.0;
				LD_RUNPATH_SEARCH_PATHS = "$(inherited) @executable_path/Frameworks";
				MODULE_NAME = ExampleApp;
				PRODUCT_BUNDLE_IDENTIFIER = "org.cocoapods.demo.$(PRODUCT_NAME:rfc1034identifier)";
				PRODUCT_NAME = "$(TARGET_NAME)";
				SWIFT_SWIFT3_OBJC_INFERENCE = Default;
				SWIFT_VERSION = 4.0;
			};
			name = Debug;
		};
		607FACF11AFB9204008FA782 /* Release */ = {
			isa = XCBuildConfiguration;
			baseConfigurationReference = 3DA21B744AAC2F42217915CC /* Pods-SFStaticNavigationBarController_Example.release.xcconfig */;
			buildSettings = {
				ASSETCATALOG_COMPILER_APPICON_NAME = AppIcon;
				DEVELOPMENT_TEAM = 42Z8BNDCEF;
				INFOPLIST_FILE = SFStaticNavigationBarController/Info.plist;
				IPHONEOS_DEPLOYMENT_TARGET = 9.0;
				LD_RUNPATH_SEARCH_PATHS = "$(inherited) @executable_path/Frameworks";
				MODULE_NAME = ExampleApp;
				PRODUCT_BUNDLE_IDENTIFIER = "org.cocoapods.demo.$(PRODUCT_NAME:rfc1034identifier)";
				PRODUCT_NAME = "$(TARGET_NAME)";
				SWIFT_SWIFT3_OBJC_INFERENCE = Default;
				SWIFT_VERSION = 4.0;
			};
			name = Release;
		};
/* End XCBuildConfiguration section */

/* Begin XCConfigurationList section */
		5DF598AD2013D76700C89634 /* Build configuration list for PBXNativeTarget "SFStaticNavigationBarControllerTests" */ = {
			isa = XCConfigurationList;
			buildConfigurations = (
				5DF598AE2013D76700C89634 /* Debug */,
				5DF598AF2013D76700C89634 /* Release */,
			);
			defaultConfigurationIsVisible = 0;
			defaultConfigurationName = Release;
		};
		607FACCB1AFB9204008FA782 /* Build configuration list for PBXProject "SFStaticNavigationBarController" */ = {
			isa = XCConfigurationList;
			buildConfigurations = (
				607FACED1AFB9204008FA782 /* Debug */,
				607FACEE1AFB9204008FA782 /* Release */,
			);
			defaultConfigurationIsVisible = 0;
			defaultConfigurationName = Release;
		};
		607FACEF1AFB9204008FA782 /* Build configuration list for PBXNativeTarget "SFStaticNavigationBarController_Example" */ = {
			isa = XCConfigurationList;
			buildConfigurations = (
				607FACF01AFB9204008FA782 /* Debug */,
				607FACF11AFB9204008FA782 /* Release */,
			);
			defaultConfigurationIsVisible = 0;
			defaultConfigurationName = Release;
		};
/* End XCConfigurationList section */
	};
	rootObject = 607FACC81AFB9204008FA782 /* Project object */;
}
